
Microsoft Visual Studio Solution File, Format Version 12.00
# Visual Studio 15
VisualStudioVersion = 15.0.28010.2041
MinimumVisualStudioVersion = 10.0.40219.1
Project("{FAE04EC0-301F-11D3-BF4B-00C04F79EFBC}") = "Sales.Android", "Sales\Sales.Android\Sales.Android.csproj", "{6101EB1B-1258-40EE-B0DC-91FE4EB24900}"
EndProject
Project("{FAE04EC0-301F-11D3-BF4B-00C04F79EFBC}") = "Sales.iOS", "Sales\Sales.iOS\Sales.iOS.csproj", "{8492006E-F3F4-4D3E-B0B5-6277C0E07311}"
EndProject
Project("{FAE04EC0-301F-11D3-BF4B-00C04F79EFBC}") = "Sales.UWP", "Sales\Sales.UWP\Sales.UWP.csproj", "{CFD7F8C9-4046-4E7A-AA18-BCE6E860665A}"
EndProject
Project("{FAE04EC0-301F-11D3-BF4B-00C04F79EFBC}") = "Sales", "Sales\Sales\Sales.csproj", "{D3282215-E17D-40C1-A1D8-E2281D1803F0}"
EndProject
Project("{FAE04EC0-301F-11D3-BF4B-00C04F79EFBC}") = "Sales.Backend", "Sales.Backend\Sales.Backend.csproj", "{DB1775C5-4B8C-4706-845C-BD69A571CEE3}"
EndProject
Project("{FAE04EC0-301F-11D3-BF4B-00C04F79EFBC}") = "Sales.API", "Sales.API\Sales.API.csproj", "{D775C6B0-812E-4261-A8CD-5821ABE46D16}"
EndProject
Project("{FAE04EC0-301F-11D3-BF4B-00C04F79EFBC}") = "Sales.Domain", "Sales.Domain\Sales.Domain.csproj", "{C86A2210-C119-4CDF-97AA-49F71D74A089}"
EndProject
Project("{FAE04EC0-301F-11D3-BF4B-00C04F79EFBC}") = "Sales.Common", "Sales.Common\Sales.Common.csproj", "{D5C4F659-E271-4F5D-8BDF-6D21A3AEF360}"
EndProject
Global
	GlobalSection(SolutionConfigurationPlatforms) = preSolution
		Ad-Hoc|Any CPU = Ad-Hoc|Any CPU
		Ad-Hoc|ARM = Ad-Hoc|ARM
		Ad-Hoc|iPhone = Ad-Hoc|iPhone
		Ad-Hoc|iPhoneSimulator = Ad-Hoc|iPhoneSimulator
		Ad-Hoc|x64 = Ad-Hoc|x64
		Ad-Hoc|x86 = Ad-Hoc|x86
		AppStore|Any CPU = AppStore|Any CPU
		AppStore|ARM = AppStore|ARM
		AppStore|iPhone = AppStore|iPhone
		AppStore|iPhoneSimulator = AppStore|iPhoneSimulator
		AppStore|x64 = AppStore|x64
		AppStore|x86 = AppStore|x86
		Debug|Any CPU = Debug|Any CPU
		Debug|ARM = Debug|ARM
		Debug|iPhone = Debug|iPhone
		Debug|iPhoneSimulator = Debug|iPhoneSimulator
		Debug|x64 = Debug|x64
		Debug|x86 = Debug|x86
		Release|Any CPU = Release|Any CPU
		Release|ARM = Release|ARM
		Release|iPhone = Release|iPhone
		Release|iPhoneSimulator = Release|iPhoneSimulator
		Release|x64 = Release|x64
		Release|x86 = Release|x86
	EndGlobalSection
	GlobalSection(ProjectConfigurationPlatforms) = postSolution
		{6101EB1B-1258-40EE-B0DC-91FE4EB24900}.Ad-Hoc|Any CPU.ActiveCfg = Release|Any CPU
		{6101EB1B-1258-40EE-B0DC-91FE4EB24900}.Ad-Hoc|Any CPU.Build.0 = Release|Any CPU
		{6101EB1B-1258-40EE-B0DC-91FE4EB24900}.Ad-Hoc|Any CPU.Deploy.0 = Release|Any CPU
		{6101EB1B-1258-40EE-B0DC-91FE4EB24900}.Ad-Hoc|ARM.ActiveCfg = Release|Any CPU
		{6101EB1B-1258-40EE-B0DC-91FE4EB24900}.Ad-Hoc|ARM.Build.0 = Release|Any CPU
		{6101EB1B-1258-40EE-B0DC-91FE4EB24900}.Ad-Hoc|ARM.Deploy.0 = Release|Any CPU
		{6101EB1B-1258-40EE-B0DC-91FE4EB24900}.Ad-Hoc|iPhone.ActiveCfg = Release|Any CPU
		{6101EB1B-1258-40EE-B0DC-91FE4EB24900}.Ad-Hoc|iPhone.Build.0 = Release|Any CPU
		{6101EB1B-1258-40EE-B0DC-91FE4EB24900}.Ad-Hoc|iPhone.Deploy.0 = Release|Any CPU
		{6101EB1B-1258-40EE-B0DC-91FE4EB24900}.Ad-Hoc|iPhoneSimulator.ActiveCfg = Release|Any CPU
		{6101EB1B-1258-40EE-B0DC-91FE4EB24900}.Ad-Hoc|iPhoneSimulator.Build.0 = Release|Any CPU
		{6101EB1B-1258-40EE-B0DC-91FE4EB24900}.Ad-Hoc|iPhoneSimulator.Deploy.0 = Release|Any CPU
		{6101EB1B-1258-40EE-B0DC-91FE4EB24900}.Ad-Hoc|x64.ActiveCfg = Release|Any CPU
		{6101EB1B-1258-40EE-B0DC-91FE4EB24900}.Ad-Hoc|x64.Build.0 = Release|Any CPU
		{6101EB1B-1258-40EE-B0DC-91FE4EB24900}.Ad-Hoc|x64.Deploy.0 = Release|Any CPU
		{6101EB1B-1258-40EE-B0DC-91FE4EB24900}.Ad-Hoc|x86.ActiveCfg = Release|Any CPU
		{6101EB1B-1258-40EE-B0DC-91FE4EB24900}.Ad-Hoc|x86.Build.0 = Release|Any CPU
		{6101EB1B-1258-40EE-B0DC-91FE4EB24900}.Ad-Hoc|x86.Deploy.0 = Release|Any CPU
		{6101EB1B-1258-40EE-B0DC-91FE4EB24900}.AppStore|Any CPU.ActiveCfg = Release|Any CPU
		{6101EB1B-1258-40EE-B0DC-91FE4EB24900}.AppStore|Any CPU.Build.0 = Release|Any CPU
		{6101EB1B-1258-40EE-B0DC-91FE4EB24900}.AppStore|Any CPU.Deploy.0 = Release|Any CPU
		{6101EB1B-1258-40EE-B0DC-91FE4EB24900}.AppStore|ARM.ActiveCfg = Release|Any CPU
		{6101EB1B-1258-40EE-B0DC-91FE4EB24900}.AppStore|ARM.Build.0 = Release|Any CPU
		{6101EB1B-1258-40EE-B0DC-91FE4EB24900}.AppStore|ARM.Deploy.0 = Release|Any CPU
		{6101EB1B-1258-40EE-B0DC-91FE4EB24900}.AppStore|iPhone.ActiveCfg = Release|Any CPU
		{6101EB1B-1258-40EE-B0DC-91FE4EB24900}.AppStore|iPhone.Build.0 = Release|Any CPU
		{6101EB1B-1258-40EE-B0DC-91FE4EB24900}.AppStore|iPhone.Deploy.0 = Release|Any CPU
		{6101EB1B-1258-40EE-B0DC-91FE4EB24900}.AppStore|iPhoneSimulator.ActiveCfg = Release|Any CPU
		{6101EB1B-1258-40EE-B0DC-91FE4EB24900}.AppStore|iPhoneSimulator.Build.0 = Release|Any CPU
		{6101EB1B-1258-40EE-B0DC-91FE4EB24900}.AppStore|iPhoneSimulator.Deploy.0 = Release|Any CPU
		{6101EB1B-1258-40EE-B0DC-91FE4EB24900}.AppStore|x64.ActiveCfg = Release|Any CPU
		{6101EB1B-1258-40EE-B0DC-91FE4EB24900}.AppStore|x64.Build.0 = Release|Any CPU
		{6101EB1B-1258-40EE-B0DC-91FE4EB24900}.AppStore|x64.Deploy.0 = Release|Any CPU
		{6101EB1B-1258-40EE-B0DC-91FE4EB24900}.AppStore|x86.ActiveCfg = Release|Any CPU
		{6101EB1B-1258-40EE-B0DC-91FE4EB24900}.AppStore|x86.Build.0 = Release|Any CPU
		{6101EB1B-1258-40EE-B0DC-91FE4EB24900}.AppStore|x86.Deploy.0 = Release|Any CPU
		{6101EB1B-1258-40EE-B0DC-91FE4EB24900}.Debug|Any CPU.ActiveCfg = Debug|Any CPU
		{6101EB1B-1258-40EE-B0DC-91FE4EB24900}.Debug|Any CPU.Build.0 = Debug|Any CPU
		{6101EB1B-1258-40EE-B0DC-91FE4EB24900}.Debug|Any CPU.Deploy.0 = Debug|Any CPU
		{6101EB1B-1258-40EE-B0DC-91FE4EB24900}.Debug|ARM.ActiveCfg = Debug|Any CPU
		{6101EB1B-1258-40EE-B0DC-91FE4EB24900}.Debug|ARM.Build.0 = Debug|Any CPU
		{6101EB1B-1258-40EE-B0DC-91FE4EB24900}.Debug|ARM.Deploy.0 = Debug|Any CPU
		{6101EB1B-1258-40EE-B0DC-91FE4EB24900}.Debug|iPhone.ActiveCfg = Debug|Any CPU
		{6101EB1B-1258-40EE-B0DC-91FE4EB24900}.Debug|iPhone.Build.0 = Debug|Any CPU
		{6101EB1B-1258-40EE-B0DC-91FE4EB24900}.Debug|iPhone.Deploy.0 = Debug|Any CPU
		{6101EB1B-1258-40EE-B0DC-91FE4EB24900}.Debug|iPhoneSimulator.ActiveCfg = Debug|Any CPU
		{6101EB1B-1258-40EE-B0DC-91FE4EB24900}.Debug|iPhoneSimulator.Build.0 = Debug|Any CPU
		{6101EB1B-1258-40EE-B0DC-91FE4EB24900}.Debug|iPhoneSimulator.Deploy.0 = Debug|Any CPU
		{6101EB1B-1258-40EE-B0DC-91FE4EB24900}.Debug|x64.ActiveCfg = Debug|Any CPU
		{6101EB1B-1258-40EE-B0DC-91FE4EB24900}.Debug|x64.Build.0 = Debug|Any CPU
		{6101EB1B-1258-40EE-B0DC-91FE4EB24900}.Debug|x64.Deploy.0 = Debug|Any CPU
		{6101EB1B-1258-40EE-B0DC-91FE4EB24900}.Debug|x86.ActiveCfg = Debug|Any CPU
		{6101EB1B-1258-40EE-B0DC-91FE4EB24900}.Debug|x86.Build.0 = Debug|Any CPU
		{6101EB1B-1258-40EE-B0DC-91FE4EB24900}.Debug|x86.Deploy.0 = Debug|Any CPU
		{6101EB1B-1258-40EE-B0DC-91FE4EB24900}.Release|Any CPU.ActiveCfg = Release|Any CPU
		{6101EB1B-1258-40EE-B0DC-91FE4EB24900}.Release|Any CPU.Build.0 = Release|Any CPU
		{6101EB1B-1258-40EE-B0DC-91FE4EB24900}.Release|Any CPU.Deploy.0 = Release|Any CPU
		{6101EB1B-1258-40EE-B0DC-91FE4EB24900}.Release|ARM.ActiveCfg = Release|Any CPU
		{6101EB1B-1258-40EE-B0DC-91FE4EB24900}.Release|ARM.Build.0 = Release|Any CPU
		{6101EB1B-1258-40EE-B0DC-91FE4EB24900}.Release|ARM.Deploy.0 = Release|Any CPU
		{6101EB1B-1258-40EE-B0DC-91FE4EB24900}.Release|iPhone.ActiveCfg = Release|Any CPU
		{6101EB1B-1258-40EE-B0DC-91FE4EB24900}.Release|iPhone.Build.0 = Release|Any CPU
		{6101EB1B-1258-40EE-B0DC-91FE4EB24900}.Release|iPhone.Deploy.0 = Release|Any CPU
		{6101EB1B-1258-40EE-B0DC-91FE4EB24900}.Release|iPhoneSimulator.ActiveCfg = Release|Any CPU
		{6101EB1B-1258-40EE-B0DC-91FE4EB24900}.Release|iPhoneSimulator.Build.0 = Release|Any CPU
		{6101EB1B-1258-40EE-B0DC-91FE4EB24900}.Release|iPhoneSimulator.Deploy.0 = Release|Any CPU
		{6101EB1B-1258-40EE-B0DC-91FE4EB24900}.Release|x64.ActiveCfg = Release|Any CPU
		{6101EB1B-1258-40EE-B0DC-91FE4EB24900}.Release|x64.Build.0 = Release|Any CPU
		{6101EB1B-1258-40EE-B0DC-91FE4EB24900}.Release|x64.Deploy.0 = Release|Any CPU
		{6101EB1B-1258-40EE-B0DC-91FE4EB24900}.Release|x86.ActiveCfg = Release|Any CPU
		{6101EB1B-1258-40EE-B0DC-91FE4EB24900}.Release|x86.Build.0 = Release|Any CPU
		{6101EB1B-1258-40EE-B0DC-91FE4EB24900}.Release|x86.Deploy.0 = Release|Any CPU
		{8492006E-F3F4-4D3E-B0B5-6277C0E07311}.Ad-Hoc|Any CPU.ActiveCfg = Ad-Hoc|iPhone
		{8492006E-F3F4-4D3E-B0B5-6277C0E07311}.Ad-Hoc|Any CPU.Build.0 = Ad-Hoc|iPhone
		{8492006E-F3F4-4D3E-B0B5-6277C0E07311}.Ad-Hoc|Any CPU.Deploy.0 = Ad-Hoc|iPhone
		{8492006E-F3F4-4D3E-B0B5-6277C0E07311}.Ad-Hoc|ARM.ActiveCfg = Ad-Hoc|iPhone
		{8492006E-F3F4-4D3E-B0B5-6277C0E07311}.Ad-Hoc|ARM.Build.0 = Ad-Hoc|iPhone
		{8492006E-F3F4-4D3E-B0B5-6277C0E07311}.Ad-Hoc|ARM.Deploy.0 = Ad-Hoc|iPhone
		{8492006E-F3F4-4D3E-B0B5-6277C0E07311}.Ad-Hoc|iPhone.ActiveCfg = Ad-Hoc|iPhone
		{8492006E-F3F4-4D3E-B0B5-6277C0E07311}.Ad-Hoc|iPhone.Build.0 = Ad-Hoc|iPhone
		{8492006E-F3F4-4D3E-B0B5-6277C0E07311}.Ad-Hoc|iPhone.Deploy.0 = Ad-Hoc|iPhone
		{8492006E-F3F4-4D3E-B0B5-6277C0E07311}.Ad-Hoc|iPhoneSimulator.ActiveCfg = Ad-Hoc|iPhoneSimulator
		{8492006E-F3F4-4D3E-B0B5-6277C0E07311}.Ad-Hoc|iPhoneSimulator.Build.0 = Ad-Hoc|iPhoneSimulator
		{8492006E-F3F4-4D3E-B0B5-6277C0E07311}.Ad-Hoc|iPhoneSimulator.Deploy.0 = Ad-Hoc|iPhoneSimulator
		{8492006E-F3F4-4D3E-B0B5-6277C0E07311}.Ad-Hoc|x64.ActiveCfg = Ad-Hoc|iPhone
		{8492006E-F3F4-4D3E-B0B5-6277C0E07311}.Ad-Hoc|x64.Build.0 = Ad-Hoc|iPhone
		{8492006E-F3F4-4D3E-B0B5-6277C0E07311}.Ad-Hoc|x64.Deploy.0 = Ad-Hoc|iPhone
		{8492006E-F3F4-4D3E-B0B5-6277C0E07311}.Ad-Hoc|x86.ActiveCfg = Ad-Hoc|iPhone
		{8492006E-F3F4-4D3E-B0B5-6277C0E07311}.Ad-Hoc|x86.Build.0 = Ad-Hoc|iPhone
		{8492006E-F3F4-4D3E-B0B5-6277C0E07311}.Ad-Hoc|x86.Deploy.0 = Ad-Hoc|iPhone
		{8492006E-F3F4-4D3E-B0B5-6277C0E07311}.AppStore|Any CPU.ActiveCfg = AppStore|iPhone
		{8492006E-F3F4-4D3E-B0B5-6277C0E07311}.AppStore|Any CPU.Build.0 = AppStore|iPhone
		{8492006E-F3F4-4D3E-B0B5-6277C0E07311}.AppStore|Any CPU.Deploy.0 = AppStore|iPhone
		{8492006E-F3F4-4D3E-B0B5-6277C0E07311}.AppStore|ARM.ActiveCfg = AppStore|iPhone
		{8492006E-F3F4-4D3E-B0B5-6277C0E07311}.AppStore|ARM.Build.0 = AppStore|iPhone
		{8492006E-F3F4-4D3E-B0B5-6277C0E07311}.AppStore|ARM.Deploy.0 = AppStore|iPhone
		{8492006E-F3F4-4D3E-B0B5-6277C0E07311}.AppStore|iPhone.ActiveCfg = AppStore|iPhone
		{8492006E-F3F4-4D3E-B0B5-6277C0E07311}.AppStore|iPhone.Build.0 = AppStore|iPhone
		{8492006E-F3F4-4D3E-B0B5-6277C0E07311}.AppStore|iPhone.Deploy.0 = AppStore|iPhone
		{8492006E-F3F4-4D3E-B0B5-6277C0E07311}.AppStore|iPhoneSimulator.ActiveCfg = AppStore|iPhoneSimulator
		{8492006E-F3F4-4D3E-B0B5-6277C0E07311}.AppStore|iPhoneSimulator.Build.0 = AppStore|iPhoneSimulator
		{8492006E-F3F4-4D3E-B0B5-6277C0E07311}.AppStore|iPhoneSimulator.Deploy.0 = AppStore|iPhoneSimulator
		{8492006E-F3F4-4D3E-B0B5-6277C0E07311}.AppStore|x64.ActiveCfg = AppStore|iPhone
		{8492006E-F3F4-4D3E-B0B5-6277C0E07311}.AppStore|x64.Build.0 = AppStore|iPhone
		{8492006E-F3F4-4D3E-B0B5-6277C0E07311}.AppStore|x64.Deploy.0 = AppStore|iPhone
		{8492006E-F3F4-4D3E-B0B5-6277C0E07311}.AppStore|x86.ActiveCfg = AppStore|iPhone
		{8492006E-F3F4-4D3E-B0B5-6277C0E07311}.AppStore|x86.Build.0 = AppStore|iPhone
		{8492006E-F3F4-4D3E-B0B5-6277C0E07311}.AppStore|x86.Deploy.0 = AppStore|iPhone
		{8492006E-F3F4-4D3E-B0B5-6277C0E07311}.Debug|Any CPU.ActiveCfg = Debug|iPhoneSimulator
		{8492006E-F3F4-4D3E-B0B5-6277C0E07311}.Debug|Any CPU.Build.0 = Debug|iPhoneSimulator
		{8492006E-F3F4-4D3E-B0B5-6277C0E07311}.Debug|Any CPU.Deploy.0 = Debug|iPhoneSimulator
		{8492006E-F3F4-4D3E-B0B5-6277C0E07311}.Debug|ARM.ActiveCfg = Debug|iPhone
		{8492006E-F3F4-4D3E-B0B5-6277C0E07311}.Debug|ARM.Build.0 = Debug|iPhone
		{8492006E-F3F4-4D3E-B0B5-6277C0E07311}.Debug|ARM.Deploy.0 = Debug|iPhone
		{8492006E-F3F4-4D3E-B0B5-6277C0E07311}.Debug|iPhone.ActiveCfg = Debug|iPhone
		{8492006E-F3F4-4D3E-B0B5-6277C0E07311}.Debug|iPhone.Build.0 = Debug|iPhone
		{8492006E-F3F4-4D3E-B0B5-6277C0E07311}.Debug|iPhone.Deploy.0 = Debug|iPhone
		{8492006E-F3F4-4D3E-B0B5-6277C0E07311}.Debug|iPhoneSimulator.ActiveCfg = Debug|iPhoneSimulator
		{8492006E-F3F4-4D3E-B0B5-6277C0E07311}.Debug|iPhoneSimulator.Build.0 = Debug|iPhoneSimulator
		{8492006E-F3F4-4D3E-B0B5-6277C0E07311}.Debug|iPhoneSimulator.Deploy.0 = Debug|iPhoneSimulator
		{8492006E-F3F4-4D3E-B0B5-6277C0E07311}.Debug|x64.ActiveCfg = Debug|iPhone
		{8492006E-F3F4-4D3E-B0B5-6277C0E07311}.Debug|x64.Build.0 = Debug|iPhone
		{8492006E-F3F4-4D3E-B0B5-6277C0E07311}.Debug|x64.Deploy.0 = Debug|iPhone
		{8492006E-F3F4-4D3E-B0B5-6277C0E07311}.Debug|x86.ActiveCfg = Debug|iPhone
		{8492006E-F3F4-4D3E-B0B5-6277C0E07311}.Debug|x86.Build.0 = Debug|iPhone
		{8492006E-F3F4-4D3E-B0B5-6277C0E07311}.Debug|x86.Deploy.0 = Debug|iPhone
		{8492006E-F3F4-4D3E-B0B5-6277C0E07311}.Release|Any CPU.ActiveCfg = Release|iPhone
		{8492006E-F3F4-4D3E-B0B5-6277C0E07311}.Release|Any CPU.Build.0 = Release|iPhone
		{8492006E-F3F4-4D3E-B0B5-6277C0E07311}.Release|Any CPU.Deploy.0 = Release|iPhone
		{8492006E-F3F4-4D3E-B0B5-6277C0E07311}.Release|ARM.ActiveCfg = Release|iPhone
		{8492006E-F3F4-4D3E-B0B5-6277C0E07311}.Release|ARM.Build.0 = Release|iPhone
		{8492006E-F3F4-4D3E-B0B5-6277C0E07311}.Release|ARM.Deploy.0 = Release|iPhone
		{8492006E-F3F4-4D3E-B0B5-6277C0E07311}.Release|iPhone.ActiveCfg = Release|iPhone
		{8492006E-F3F4-4D3E-B0B5-6277C0E07311}.Release|iPhone.Build.0 = Release|iPhone
		{8492006E-F3F4-4D3E-B0B5-6277C0E07311}.Release|iPhone.Deploy.0 = Release|iPhone
		{8492006E-F3F4-4D3E-B0B5-6277C0E07311}.Release|iPhoneSimulator.ActiveCfg = Release|iPhoneSimulator
		{8492006E-F3F4-4D3E-B0B5-6277C0E07311}.Release|iPhoneSimulator.Build.0 = Release|iPhoneSimulator
		{8492006E-F3F4-4D3E-B0B5-6277C0E07311}.Release|iPhoneSimulator.Deploy.0 = Release|iPhoneSimulator
		{8492006E-F3F4-4D3E-B0B5-6277C0E07311}.Release|x64.ActiveCfg = Release|iPhone
		{8492006E-F3F4-4D3E-B0B5-6277C0E07311}.Release|x64.Build.0 = Release|iPhone
		{8492006E-F3F4-4D3E-B0B5-6277C0E07311}.Release|x64.Deploy.0 = Release|iPhone
		{8492006E-F3F4-4D3E-B0B5-6277C0E07311}.Release|x86.ActiveCfg = Release|iPhone
		{8492006E-F3F4-4D3E-B0B5-6277C0E07311}.Release|x86.Build.0 = Release|iPhone
		{8492006E-F3F4-4D3E-B0B5-6277C0E07311}.Release|x86.Deploy.0 = Release|iPhone
		{CFD7F8C9-4046-4E7A-AA18-BCE6E860665A}.Ad-Hoc|Any CPU.ActiveCfg = Release|x86
		{CFD7F8C9-4046-4E7A-AA18-BCE6E860665A}.Ad-Hoc|Any CPU.Build.0 = Release|x86
		{CFD7F8C9-4046-4E7A-AA18-BCE6E860665A}.Ad-Hoc|Any CPU.Deploy.0 = Release|x86
		{CFD7F8C9-4046-4E7A-AA18-BCE6E860665A}.Ad-Hoc|ARM.ActiveCfg = Release|ARM
		{CFD7F8C9-4046-4E7A-AA18-BCE6E860665A}.Ad-Hoc|ARM.Build.0 = Release|ARM
		{CFD7F8C9-4046-4E7A-AA18-BCE6E860665A}.Ad-Hoc|ARM.Deploy.0 = Release|ARM
		{CFD7F8C9-4046-4E7A-AA18-BCE6E860665A}.Ad-Hoc|iPhone.ActiveCfg = Release|x86
		{CFD7F8C9-4046-4E7A-AA18-BCE6E860665A}.Ad-Hoc|iPhone.Build.0 = Release|x86
		{CFD7F8C9-4046-4E7A-AA18-BCE6E860665A}.Ad-Hoc|iPhone.Deploy.0 = Release|x86
		{CFD7F8C9-4046-4E7A-AA18-BCE6E860665A}.Ad-Hoc|iPhoneSimulator.ActiveCfg = Release|x86
		{CFD7F8C9-4046-4E7A-AA18-BCE6E860665A}.Ad-Hoc|iPhoneSimulator.Build.0 = Release|x86
		{CFD7F8C9-4046-4E7A-AA18-BCE6E860665A}.Ad-Hoc|iPhoneSimulator.Deploy.0 = Release|x86
		{CFD7F8C9-4046-4E7A-AA18-BCE6E860665A}.Ad-Hoc|x64.ActiveCfg = Release|x64
		{CFD7F8C9-4046-4E7A-AA18-BCE6E860665A}.Ad-Hoc|x64.Build.0 = Release|x64
		{CFD7F8C9-4046-4E7A-AA18-BCE6E860665A}.Ad-Hoc|x64.Deploy.0 = Release|x64
		{CFD7F8C9-4046-4E7A-AA18-BCE6E860665A}.Ad-Hoc|x86.ActiveCfg = Release|x86
		{CFD7F8C9-4046-4E7A-AA18-BCE6E860665A}.Ad-Hoc|x86.Build.0 = Release|x86
		{CFD7F8C9-4046-4E7A-AA18-BCE6E860665A}.Ad-Hoc|x86.Deploy.0 = Release|x86
		{CFD7F8C9-4046-4E7A-AA18-BCE6E860665A}.AppStore|Any CPU.ActiveCfg = Release|x86
		{CFD7F8C9-4046-4E7A-AA18-BCE6E860665A}.AppStore|Any CPU.Build.0 = Release|x86
		{CFD7F8C9-4046-4E7A-AA18-BCE6E860665A}.AppStore|Any CPU.Deploy.0 = Release|x86
		{CFD7F8C9-4046-4E7A-AA18-BCE6E860665A}.AppStore|ARM.ActiveCfg = Release|ARM
		{CFD7F8C9-4046-4E7A-AA18-BCE6E860665A}.AppStore|ARM.Build.0 = Release|ARM
		{CFD7F8C9-4046-4E7A-AA18-BCE6E860665A}.AppStore|ARM.Deploy.0 = Release|ARM
		{CFD7F8C9-4046-4E7A-AA18-BCE6E860665A}.AppStore|iPhone.ActiveCfg = Release|x86
		{CFD7F8C9-4046-4E7A-AA18-BCE6E860665A}.AppStore|iPhone.Build.0 = Release|x86
		{CFD7F8C9-4046-4E7A-AA18-BCE6E860665A}.AppStore|iPhone.Deploy.0 = Release|x86
		{CFD7F8C9-4046-4E7A-AA18-BCE6E860665A}.AppStore|iPhoneSimulator.ActiveCfg = Release|x86
		{CFD7F8C9-4046-4E7A-AA18-BCE6E860665A}.AppStore|iPhoneSimulator.Build.0 = Release|x86
		{CFD7F8C9-4046-4E7A-AA18-BCE6E860665A}.AppStore|iPhoneSimulator.Deploy.0 = Release|x86
		{CFD7F8C9-4046-4E7A-AA18-BCE6E860665A}.AppStore|x64.ActiveCfg = Release|x64
		{CFD7F8C9-4046-4E7A-AA18-BCE6E860665A}.AppStore|x64.Build.0 = Release|x64
		{CFD7F8C9-4046-4E7A-AA18-BCE6E860665A}.AppStore|x64.Deploy.0 = Release|x64
		{CFD7F8C9-4046-4E7A-AA18-BCE6E860665A}.AppStore|x86.ActiveCfg = Release|x86
		{CFD7F8C9-4046-4E7A-AA18-BCE6E860665A}.AppStore|x86.Build.0 = Release|x86
		{CFD7F8C9-4046-4E7A-AA18-BCE6E860665A}.AppStore|x86.Deploy.0 = Release|x86
		{CFD7F8C9-4046-4E7A-AA18-BCE6E860665A}.Debug|Any CPU.ActiveCfg = Debug|x86
		{CFD7F8C9-4046-4E7A-AA18-BCE6E860665A}.Debug|Any CPU.Build.0 = Debug|x86
		{CFD7F8C9-4046-4E7A-AA18-BCE6E860665A}.Debug|Any CPU.Deploy.0 = Debug|x86
		{CFD7F8C9-4046-4E7A-AA18-BCE6E860665A}.Debug|ARM.ActiveCfg = Debug|ARM
		{CFD7F8C9-4046-4E7A-AA18-BCE6E860665A}.Debug|ARM.Build.0 = Debug|ARM
		{CFD7F8C9-4046-4E7A-AA18-BCE6E860665A}.Debug|ARM.Deploy.0 = Debug|ARM
		{CFD7F8C9-4046-4E7A-AA18-BCE6E860665A}.Debug|iPhone.ActiveCfg = Debug|x86
		{CFD7F8C9-4046-4E7A-AA18-BCE6E860665A}.Debug|iPhone.Build.0 = Debug|x86
		{CFD7F8C9-4046-4E7A-AA18-BCE6E860665A}.Debug|iPhone.Deploy.0 = Debug|x86
		{CFD7F8C9-4046-4E7A-AA18-BCE6E860665A}.Debug|iPhoneSimulator.ActiveCfg = Debug|x86
		{CFD7F8C9-4046-4E7A-AA18-BCE6E860665A}.Debug|iPhoneSimulator.Build.0 = Debug|x86
		{CFD7F8C9-4046-4E7A-AA18-BCE6E860665A}.Debug|iPhoneSimulator.Deploy.0 = Debug|x86
		{CFD7F8C9-4046-4E7A-AA18-BCE6E860665A}.Debug|x64.ActiveCfg = Debug|x64
		{CFD7F8C9-4046-4E7A-AA18-BCE6E860665A}.Debug|x64.Build.0 = Debug|x64
		{CFD7F8C9-4046-4E7A-AA18-BCE6E860665A}.Debug|x64.Deploy.0 = Debug|x64
		{CFD7F8C9-4046-4E7A-AA18-BCE6E860665A}.Debug|x86.ActiveCfg = Debug|x86
		{CFD7F8C9-4046-4E7A-AA18-BCE6E860665A}.Debug|x86.Build.0 = Debug|x86
		{CFD7F8C9-4046-4E7A-AA18-BCE6E860665A}.Debug|x86.Deploy.0 = Debug|x86
		{CFD7F8C9-4046-4E7A-AA18-BCE6E860665A}.Release|Any CPU.ActiveCfg = Release|x86
		{CFD7F8C9-4046-4E7A-AA18-BCE6E860665A}.Release|Any CPU.Build.0 = Release|x86
		{CFD7F8C9-4046-4E7A-AA18-BCE6E860665A}.Release|Any CPU.Deploy.0 = Release|x86
		{CFD7F8C9-4046-4E7A-AA18-BCE6E860665A}.Release|ARM.ActiveCfg = Release|ARM
		{CFD7F8C9-4046-4E7A-AA18-BCE6E860665A}.Release|ARM.Build.0 = Release|ARM
		{CFD7F8C9-4046-4E7A-AA18-BCE6E860665A}.Release|ARM.Deploy.0 = Release|ARM
		{CFD7F8C9-4046-4E7A-AA18-BCE6E860665A}.Release|iPhone.ActiveCfg = Release|x86
		{CFD7F8C9-4046-4E7A-AA18-BCE6E860665A}.Release|iPhone.Build.0 = Release|x86
		{CFD7F8C9-4046-4E7A-AA18-BCE6E860665A}.Release|iPhone.Deploy.0 = Release|x86
		{CFD7F8C9-4046-4E7A-AA18-BCE6E860665A}.Release|iPhoneSimulator.ActiveCfg = Release|x86
		{CFD7F8C9-4046-4E7A-AA18-BCE6E860665A}.Release|iPhoneSimulator.Build.0 = Release|x86
		{CFD7F8C9-4046-4E7A-AA18-BCE6E860665A}.Release|iPhoneSimulator.Deploy.0 = Release|x86
		{CFD7F8C9-4046-4E7A-AA18-BCE6E860665A}.Release|x64.ActiveCfg = Release|x64
		{CFD7F8C9-4046-4E7A-AA18-BCE6E860665A}.Release|x64.Build.0 = Release|x64
		{CFD7F8C9-4046-4E7A-AA18-BCE6E860665A}.Release|x64.Deploy.0 = Release|x64
		{CFD7F8C9-4046-4E7A-AA18-BCE6E860665A}.Release|x86.ActiveCfg = Release|x86
		{CFD7F8C9-4046-4E7A-AA18-BCE6E860665A}.Release|x86.Build.0 = Release|x86
		{CFD7F8C9-4046-4E7A-AA18-BCE6E860665A}.Release|x86.Deploy.0 = Release|x86
		{D3282215-E17D-40C1-A1D8-E2281D1803F0}.Ad-Hoc|Any CPU.ActiveCfg = Debug|Any CPU
		{D3282215-E17D-40C1-A1D8-E2281D1803F0}.Ad-Hoc|Any CPU.Build.0 = Debug|Any CPU
		{D3282215-E17D-40C1-A1D8-E2281D1803F0}.Ad-Hoc|Any CPU.Deploy.0 = Debug|Any CPU
		{D3282215-E17D-40C1-A1D8-E2281D1803F0}.Ad-Hoc|ARM.ActiveCfg = Debug|Any CPU
		{D3282215-E17D-40C1-A1D8-E2281D1803F0}.Ad-Hoc|ARM.Build.0 = Debug|Any CPU
		{D3282215-E17D-40C1-A1D8-E2281D1803F0}.Ad-Hoc|ARM.Deploy.0 = Debug|Any CPU
		{D3282215-E17D-40C1-A1D8-E2281D1803F0}.Ad-Hoc|iPhone.ActiveCfg = Debug|Any CPU
		{D3282215-E17D-40C1-A1D8-E2281D1803F0}.Ad-Hoc|iPhone.Build.0 = Debug|Any CPU
		{D3282215-E17D-40C1-A1D8-E2281D1803F0}.Ad-Hoc|iPhone.Deploy.0 = Debug|Any CPU
		{D3282215-E17D-40C1-A1D8-E2281D1803F0}.Ad-Hoc|iPhoneSimulator.ActiveCfg = Debug|Any CPU
		{D3282215-E17D-40C1-A1D8-E2281D1803F0}.Ad-Hoc|iPhoneSimulator.Build.0 = Debug|Any CPU
		{D3282215-E17D-40C1-A1D8-E2281D1803F0}.Ad-Hoc|iPhoneSimulator.Deploy.0 = Debug|Any CPU
		{D3282215-E17D-40C1-A1D8-E2281D1803F0}.Ad-Hoc|x64.ActiveCfg = Debug|Any CPU
		{D3282215-E17D-40C1-A1D8-E2281D1803F0}.Ad-Hoc|x64.Build.0 = Debug|Any CPU
		{D3282215-E17D-40C1-A1D8-E2281D1803F0}.Ad-Hoc|x64.Deploy.0 = Debug|Any CPU
		{D3282215-E17D-40C1-A1D8-E2281D1803F0}.Ad-Hoc|x86.ActiveCfg = Debug|Any CPU
		{D3282215-E17D-40C1-A1D8-E2281D1803F0}.Ad-Hoc|x86.Build.0 = Debug|Any CPU
		{D3282215-E17D-40C1-A1D8-E2281D1803F0}.Ad-Hoc|x86.Deploy.0 = Debug|Any CPU
		{D3282215-E17D-40C1-A1D8-E2281D1803F0}.AppStore|Any CPU.ActiveCfg = Debug|Any CPU
		{D3282215-E17D-40C1-A1D8-E2281D1803F0}.AppStore|Any CPU.Build.0 = Debug|Any CPU
		{D3282215-E17D-40C1-A1D8-E2281D1803F0}.AppStore|Any CPU.Deploy.0 = Debug|Any CPU
		{D3282215-E17D-40C1-A1D8-E2281D1803F0}.AppStore|ARM.ActiveCfg = Debug|Any CPU
		{D3282215-E17D-40C1-A1D8-E2281D1803F0}.AppStore|ARM.Build.0 = Debug|Any CPU
		{D3282215-E17D-40C1-A1D8-E2281D1803F0}.AppStore|ARM.Deploy.0 = Debug|Any CPU
		{D3282215-E17D-40C1-A1D8-E2281D1803F0}.AppStore|iPhone.ActiveCfg = Debug|Any CPU
		{D3282215-E17D-40C1-A1D8-E2281D1803F0}.AppStore|iPhone.Build.0 = Debug|Any CPU
		{D3282215-E17D-40C1-A1D8-E2281D1803F0}.AppStore|iPhone.Deploy.0 = Debug|Any CPU
		{D3282215-E17D-40C1-A1D8-E2281D1803F0}.AppStore|iPhoneSimulator.ActiveCfg = Debug|Any CPU
		{D3282215-E17D-40C1-A1D8-E2281D1803F0}.AppStore|iPhoneSimulator.Build.0 = Debug|Any CPU
		{D3282215-E17D-40C1-A1D8-E2281D1803F0}.AppStore|iPhoneSimulator.Deploy.0 = Debug|Any CPU
		{D3282215-E17D-40C1-A1D8-E2281D1803F0}.AppStore|x64.ActiveCfg = Debug|Any CPU
		{D3282215-E17D-40C1-A1D8-E2281D1803F0}.AppStore|x64.Build.0 = Debug|Any CPU
		{D3282215-E17D-40C1-A1D8-E2281D1803F0}.AppStore|x64.Deploy.0 = Debug|Any CPU
		{D3282215-E17D-40C1-A1D8-E2281D1803F0}.AppStore|x86.ActiveCfg = Debug|Any CPU
		{D3282215-E17D-40C1-A1D8-E2281D1803F0}.AppStore|x86.Build.0 = Debug|Any CPU
		{D3282215-E17D-40C1-A1D8-E2281D1803F0}.AppStore|x86.Deploy.0 = Debug|Any CPU
		{D3282215-E17D-40C1-A1D8-E2281D1803F0}.Debug|Any CPU.ActiveCfg = Debug|Any CPU
		{D3282215-E17D-40C1-A1D8-E2281D1803F0}.Debug|Any CPU.Build.0 = Debug|Any CPU
		{D3282215-E17D-40C1-A1D8-E2281D1803F0}.Debug|Any CPU.Deploy.0 = Debug|Any CPU
		{D3282215-E17D-40C1-A1D8-E2281D1803F0}.Debug|ARM.ActiveCfg = Debug|Any CPU
		{D3282215-E17D-40C1-A1D8-E2281D1803F0}.Debug|ARM.Build.0 = Debug|Any CPU
		{D3282215-E17D-40C1-A1D8-E2281D1803F0}.Debug|ARM.Deploy.0 = Debug|Any CPU
		{D3282215-E17D-40C1-A1D8-E2281D1803F0}.Debug|iPhone.ActiveCfg = Debug|Any CPU
		{D3282215-E17D-40C1-A1D8-E2281D1803F0}.Debug|iPhone.Build.0 = Debug|Any CPU
		{D3282215-E17D-40C1-A1D8-E2281D1803F0}.Debug|iPhone.Deploy.0 = Debug|Any CPU
		{D3282215-E17D-40C1-A1D8-E2281D1803F0}.Debug|iPhoneSimulator.ActiveCfg = Debug|Any CPU
		{D3282215-E17D-40C1-A1D8-E2281D1803F0}.Debug|iPhoneSimulator.Build.0 = Debug|Any CPU
		{D3282215-E17D-40C1-A1D8-E2281D1803F0}.Debug|iPhoneSimulator.Deploy.0 = Debug|Any CPU
		{D3282215-E17D-40C1-A1D8-E2281D1803F0}.Debug|x64.ActiveCfg = Debug|Any CPU
		{D3282215-E17D-40C1-A1D8-E2281D1803F0}.Debug|x64.Build.0 = Debug|Any CPU
		{D3282215-E17D-40C1-A1D8-E2281D1803F0}.Debug|x64.Deploy.0 = Debug|Any CPU
		{D3282215-E17D-40C1-A1D8-E2281D1803F0}.Debug|x86.ActiveCfg = Debug|Any CPU
		{D3282215-E17D-40C1-A1D8-E2281D1803F0}.Debug|x86.Build.0 = Debug|Any CPU
		{D3282215-E17D-40C1-A1D8-E2281D1803F0}.Debug|x86.Deploy.0 = Debug|Any CPU
		{D3282215-E17D-40C1-A1D8-E2281D1803F0}.Release|Any CPU.ActiveCfg = Release|Any CPU
		{D3282215-E17D-40C1-A1D8-E2281D1803F0}.Release|Any CPU.Build.0 = Release|Any CPU
		{D3282215-E17D-40C1-A1D8-E2281D1803F0}.Release|Any CPU.Deploy.0 = Release|Any CPU
		{D3282215-E17D-40C1-A1D8-E2281D1803F0}.Release|ARM.ActiveCfg = Release|Any CPU
		{D3282215-E17D-40C1-A1D8-E2281D1803F0}.Release|ARM.Build.0 = Release|Any CPU
		{D3282215-E17D-40C1-A1D8-E2281D1803F0}.Release|ARM.Deploy.0 = Release|Any CPU
		{D3282215-E17D-40C1-A1D8-E2281D1803F0}.Release|iPhone.ActiveCfg = Release|Any CPU
		{D3282215-E17D-40C1-A1D8-E2281D1803F0}.Release|iPhone.Build.0 = Release|Any CPU
		{D3282215-E17D-40C1-A1D8-E2281D1803F0}.Release|iPhone.Deploy.0 = Release|Any CPU
		{D3282215-E17D-40C1-A1D8-E2281D1803F0}.Release|iPhoneSimulator.ActiveCfg = Release|Any CPU
		{D3282215-E17D-40C1-A1D8-E2281D1803F0}.Release|iPhoneSimulator.Build.0 = Release|Any CPU
		{D3282215-E17D-40C1-A1D8-E2281D1803F0}.Release|iPhoneSimulator.Deploy.0 = Release|Any CPU
		{D3282215-E17D-40C1-A1D8-E2281D1803F0}.Release|x64.ActiveCfg = Release|Any CPU
		{D3282215-E17D-40C1-A1D8-E2281D1803F0}.Release|x64.Build.0 = Release|Any CPU
		{D3282215-E17D-40C1-A1D8-E2281D1803F0}.Release|x64.Deploy.0 = Release|Any CPU
		{D3282215-E17D-40C1-A1D8-E2281D1803F0}.Release|x86.ActiveCfg = Release|Any CPU
		{D3282215-E17D-40C1-A1D8-E2281D1803F0}.Release|x86.Build.0 = Release|Any CPU
		{D3282215-E17D-40C1-A1D8-E2281D1803F0}.Release|x86.Deploy.0 = Release|Any CPU
		{DB1775C5-4B8C-4706-845C-BD69A571CEE3}.Ad-Hoc|Any CPU.ActiveCfg = Release|Any CPU
		{DB1775C5-4B8C-4706-845C-BD69A571CEE3}.Ad-Hoc|Any CPU.Build.0 = Release|Any CPU
		{DB1775C5-4B8C-4706-845C-BD69A571CEE3}.Ad-Hoc|ARM.ActiveCfg = Release|Any CPU
		{DB1775C5-4B8C-4706-845C-BD69A571CEE3}.Ad-Hoc|ARM.Build.0 = Release|Any CPU
		{DB1775C5-4B8C-4706-845C-BD69A571CEE3}.Ad-Hoc|iPhone.ActiveCfg = Release|Any CPU
		{DB1775C5-4B8C-4706-845C-BD69A571CEE3}.Ad-Hoc|iPhone.Build.0 = Release|Any CPU
		{DB1775C5-4B8C-4706-845C-BD69A571CEE3}.Ad-Hoc|iPhoneSimulator.ActiveCfg = Release|Any CPU
		{DB1775C5-4B8C-4706-845C-BD69A571CEE3}.Ad-Hoc|iPhoneSimulator.Build.0 = Release|Any CPU
		{DB1775C5-4B8C-4706-845C-BD69A571CEE3}.Ad-Hoc|x64.ActiveCfg = Release|Any CPU
		{DB1775C5-4B8C-4706-845C-BD69A571CEE3}.Ad-Hoc|x64.Build.0 = Release|Any CPU
		{DB1775C5-4B8C-4706-845C-BD69A571CEE3}.Ad-Hoc|x86.ActiveCfg = Release|Any CPU
		{DB1775C5-4B8C-4706-845C-BD69A571CEE3}.Ad-Hoc|x86.Build.0 = Release|Any CPU
		{DB1775C5-4B8C-4706-845C-BD69A571CEE3}.AppStore|Any CPU.ActiveCfg = Release|Any CPU
		{DB1775C5-4B8C-4706-845C-BD69A571CEE3}.AppStore|Any CPU.Build.0 = Release|Any CPU
		{DB1775C5-4B8C-4706-845C-BD69A571CEE3}.AppStore|ARM.ActiveCfg = Release|Any CPU
		{DB1775C5-4B8C-4706-845C-BD69A571CEE3}.AppStore|ARM.Build.0 = Release|Any CPU
		{DB1775C5-4B8C-4706-845C-BD69A571CEE3}.AppStore|iPhone.ActiveCfg = Release|Any CPU
		{DB1775C5-4B8C-4706-845C-BD69A571CEE3}.AppStore|iPhone.Build.0 = Release|Any CPU
		{DB1775C5-4B8C-4706-845C-BD69A571CEE3}.AppStore|iPhoneSimulator.ActiveCfg = Release|Any CPU
		{DB1775C5-4B8C-4706-845C-BD69A571CEE3}.AppStore|iPhoneSimulator.Build.0 = Release|Any CPU
		{DB1775C5-4B8C-4706-845C-BD69A571CEE3}.AppStore|x64.ActiveCfg = Release|Any CPU
		{DB1775C5-4B8C-4706-845C-BD69A571CEE3}.AppStore|x64.Build.0 = Release|Any CPU
		{DB1775C5-4B8C-4706-845C-BD69A571CEE3}.AppStore|x86.ActiveCfg = Release|Any CPU
		{DB1775C5-4B8C-4706-845C-BD69A571CEE3}.AppStore|x86.Build.0 = Release|Any CPU
		{DB1775C5-4B8C-4706-845C-BD69A571CEE3}.Debug|Any CPU.ActiveCfg = Debug|Any CPU
		{DB1775C5-4B8C-4706-845C-BD69A571CEE3}.Debug|Any CPU.Build.0 = Debug|Any CPU
		{DB1775C5-4B8C-4706-845C-BD69A571CEE3}.Debug|ARM.ActiveCfg = Debug|Any CPU
		{DB1775C5-4B8C-4706-845C-BD69A571CEE3}.Debug|ARM.Build.0 = Debug|Any CPU
		{DB1775C5-4B8C-4706-845C-BD69A571CEE3}.Debug|iPhone.ActiveCfg = Debug|Any CPU
		{DB1775C5-4B8C-4706-845C-BD69A571CEE3}.Debug|iPhone.Build.0 = Debug|Any CPU
		{DB1775C5-4B8C-4706-845C-BD69A571CEE3}.Debug|iPhoneSimulator.ActiveCfg = Debug|Any CPU
		{DB1775C5-4B8C-4706-845C-BD69A571CEE3}.Debug|iPhoneSimulator.Build.0 = Debug|Any CPU
		{DB1775C5-4B8C-4706-845C-BD69A571CEE3}.Debug|x64.ActiveCfg = Debug|Any CPU
		{DB1775C5-4B8C-4706-845C-BD69A571CEE3}.Debug|x64.Build.0 = Debug|Any CPU
		{DB1775C5-4B8C-4706-845C-BD69A571CEE3}.Debug|x86.ActiveCfg = Debug|Any CPU
		{DB1775C5-4B8C-4706-845C-BD69A571CEE3}.Debug|x86.Build.0 = Debug|Any CPU
		{DB1775C5-4B8C-4706-845C-BD69A571CEE3}.Release|Any CPU.ActiveCfg = Release|Any CPU
		{DB1775C5-4B8C-4706-845C-BD69A571CEE3}.Release|Any CPU.Build.0 = Release|Any CPU
		{DB1775C5-4B8C-4706-845C-BD69A571CEE3}.Release|ARM.ActiveCfg = Release|Any CPU
		{DB1775C5-4B8C-4706-845C-BD69A571CEE3}.Release|ARM.Build.0 = Release|Any CPU
		{DB1775C5-4B8C-4706-845C-BD69A571CEE3}.Release|iPhone.ActiveCfg = Release|Any CPU
		{DB1775C5-4B8C-4706-845C-BD69A571CEE3}.Release|iPhone.Build.0 = Release|Any CPU
		{DB1775C5-4B8C-4706-845C-BD69A571CEE3}.Release|iPhoneSimulator.ActiveCfg = Release|Any CPU
		{DB1775C5-4B8C-4706-845C-BD69A571CEE3}.Release|iPhoneSimulator.Build.0 = Release|Any CPU
		{DB1775C5-4B8C-4706-845C-BD69A571CEE3}.Release|x64.ActiveCfg = Release|Any CPU
		{DB1775C5-4B8C-4706-845C-BD69A571CEE3}.Release|x64.Build.0 = Release|Any CPU
		{DB1775C5-4B8C-4706-845C-BD69A571CEE3}.Release|x86.ActiveCfg = Release|Any CPU
		{DB1775C5-4B8C-4706-845C-BD69A571CEE3}.Release|x86.Build.0 = Release|Any CPU
		{D775C6B0-812E-4261-A8CD-5821ABE46D16}.Ad-Hoc|Any CPU.ActiveCfg = Release|Any CPU
		{D775C6B0-812E-4261-A8CD-5821ABE46D16}.Ad-Hoc|Any CPU.Build.0 = Release|Any CPU
		{D775C6B0-812E-4261-A8CD-5821ABE46D16}.Ad-Hoc|ARM.ActiveCfg = Release|Any CPU
		{D775C6B0-812E-4261-A8CD-5821ABE46D16}.Ad-Hoc|ARM.Build.0 = Release|Any CPU
		{D775C6B0-812E-4261-A8CD-5821ABE46D16}.Ad-Hoc|iPhone.ActiveCfg = Release|Any CPU
		{D775C6B0-812E-4261-A8CD-5821ABE46D16}.Ad-Hoc|iPhone.Build.0 = Release|Any CPU
		{D775C6B0-812E-4261-A8CD-5821ABE46D16}.Ad-Hoc|iPhoneSimulator.ActiveCfg = Release|Any CPU
		{D775C6B0-812E-4261-A8CD-5821ABE46D16}.Ad-Hoc|iPhoneSimulator.Build.0 = Release|Any CPU
		{D775C6B0-812E-4261-A8CD-5821ABE46D16}.Ad-Hoc|x64.ActiveCfg = Release|Any CPU
		{D775C6B0-812E-4261-A8CD-5821ABE46D16}.Ad-Hoc|x64.Build.0 = Release|Any CPU
		{D775C6B0-812E-4261-A8CD-5821ABE46D16}.Ad-Hoc|x86.ActiveCfg = Release|Any CPU
		{D775C6B0-812E-4261-A8CD-5821ABE46D16}.Ad-Hoc|x86.Build.0 = Release|Any CPU
		{D775C6B0-812E-4261-A8CD-5821ABE46D16}.AppStore|Any CPU.ActiveCfg = Release|Any CPU
		{D775C6B0-812E-4261-A8CD-5821ABE46D16}.AppStore|Any CPU.Build.0 = Release|Any CPU
		{D775C6B0-812E-4261-A8CD-5821ABE46D16}.AppStore|ARM.ActiveCfg = Release|Any CPU
		{D775C6B0-812E-4261-A8CD-5821ABE46D16}.AppStore|ARM.Build.0 = Release|Any CPU
		{D775C6B0-812E-4261-A8CD-5821ABE46D16}.AppStore|iPhone.ActiveCfg = Release|Any CPU
		{D775C6B0-812E-4261-A8CD-5821ABE46D16}.AppStore|iPhone.Build.0 = Release|Any CPU
		{D775C6B0-812E-4261-A8CD-5821ABE46D16}.AppStore|iPhoneSimulator.ActiveCfg = Release|Any CPU
		{D775C6B0-812E-4261-A8CD-5821ABE46D16}.AppStore|iPhoneSimulator.Build.0 = Release|Any CPU
		{D775C6B0-812E-4261-A8CD-5821ABE46D16}.AppStore|x64.ActiveCfg = Release|Any CPU
		{D775C6B0-812E-4261-A8CD-5821ABE46D16}.AppStore|x64.Build.0 = Release|Any CPU
		{D775C6B0-812E-4261-A8CD-5821ABE46D16}.AppStore|x86.ActiveCfg = Release|Any CPU
		{D775C6B0-812E-4261-A8CD-5821ABE46D16}.AppStore|x86.Build.0 = Release|Any CPU
		{D775C6B0-812E-4261-A8CD-5821ABE46D16}.Debug|Any CPU.ActiveCfg = Debug|Any CPU
		{D775C6B0-812E-4261-A8CD-5821ABE46D16}.Debug|Any CPU.Build.0 = Debug|Any CPU
		{D775C6B0-812E-4261-A8CD-5821ABE46D16}.Debug|ARM.ActiveCfg = Debug|Any CPU
		{D775C6B0-812E-4261-A8CD-5821ABE46D16}.Debug|ARM.Build.0 = Debug|Any CPU
		{D775C6B0-812E-4261-A8CD-5821ABE46D16}.Debug|iPhone.ActiveCfg = Debug|Any CPU
		{D775C6B0-812E-4261-A8CD-5821ABE46D16}.Debug|iPhone.Build.0 = Debug|Any CPU
		{D775C6B0-812E-4261-A8CD-5821ABE46D16}.Debug|iPhoneSimulator.ActiveCfg = Debug|Any CPU
		{D775C6B0-812E-4261-A8CD-5821ABE46D16}.Debug|iPhoneSimulator.Build.0 = Debug|Any CPU
		{D775C6B0-812E-4261-A8CD-5821ABE46D16}.Debug|x64.ActiveCfg = Debug|Any CPU
		{D775C6B0-812E-4261-A8CD-5821ABE46D16}.Debug|x64.Build.0 = Debug|Any CPU
		{D775C6B0-812E-4261-A8CD-5821ABE46D16}.Debug|x86.ActiveCfg = Debug|Any CPU
		{D775C6B0-812E-4261-A8CD-5821ABE46D16}.Debug|x86.Build.0 = Debug|Any CPU
		{D775C6B0-812E-4261-A8CD-5821ABE46D16}.Release|Any CPU.ActiveCfg = Release|Any CPU
		{D775C6B0-812E-4261-A8CD-5821ABE46D16}.Release|Any CPU.Build.0 = Release|Any CPU
		{D775C6B0-812E-4261-A8CD-5821ABE46D16}.Release|ARM.ActiveCfg = Release|Any CPU
		{D775C6B0-812E-4261-A8CD-5821ABE46D16}.Release|ARM.Build.0 = Release|Any CPU
		{D775C6B0-812E-4261-A8CD-5821ABE46D16}.Release|iPhone.ActiveCfg = Release|Any CPU
		{D775C6B0-812E-4261-A8CD-5821ABE46D16}.Release|iPhone.Build.0 = Release|Any CPU
		{D775C6B0-812E-4261-A8CD-5821ABE46D16}.Release|iPhoneSimulator.ActiveCfg = Release|Any CPU
		{D775C6B0-812E-4261-A8CD-5821ABE46D16}.Release|iPhoneSimulator.Build.0 = Release|Any CPU
		{D775C6B0-812E-4261-A8CD-5821ABE46D16}.Release|x64.ActiveCfg = Release|Any CPU
		{D775C6B0-812E-4261-A8CD-5821ABE46D16}.Release|x64.Build.0 = Release|Any CPU
		{D775C6B0-812E-4261-A8CD-5821ABE46D16}.Release|x86.ActiveCfg = Release|Any CPU
		{D775C6B0-812E-4261-A8CD-5821ABE46D16}.Release|x86.Build.0 = Release|Any CPU
		{C86A2210-C119-4CDF-97AA-49F71D74A089}.Ad-Hoc|Any CPU.ActiveCfg = Release|Any CPU
		{C86A2210-C119-4CDF-97AA-49F71D74A089}.Ad-Hoc|Any CPU.Build.0 = Release|Any CPU
		{C86A2210-C119-4CDF-97AA-49F71D74A089}.Ad-Hoc|ARM.ActiveCfg = Release|Any CPU
		{C86A2210-C119-4CDF-97AA-49F71D74A089}.Ad-Hoc|ARM.Build.0 = Release|Any CPU
		{C86A2210-C119-4CDF-97AA-49F71D74A089}.Ad-Hoc|iPhone.ActiveCfg = Release|Any CPU
		{C86A2210-C119-4CDF-97AA-49F71D74A089}.Ad-Hoc|iPhone.Build.0 = Release|Any CPU
		{C86A2210-C119-4CDF-97AA-49F71D74A089}.Ad-Hoc|iPhoneSimulator.ActiveCfg = Release|Any CPU
		{C86A2210-C119-4CDF-97AA-49F71D74A089}.Ad-Hoc|iPhoneSimulator.Build.0 = Release|Any CPU
		{C86A2210-C119-4CDF-97AA-49F71D74A089}.Ad-Hoc|x64.ActiveCfg = Release|Any CPU
		{C86A2210-C119-4CDF-97AA-49F71D74A089}.Ad-Hoc|x64.Build.0 = Release|Any CPU
		{C86A2210-C119-4CDF-97AA-49F71D74A089}.Ad-Hoc|x86.ActiveCfg = Release|Any CPU
		{C86A2210-C119-4CDF-97AA-49F71D74A089}.Ad-Hoc|x86.Build.0 = Release|Any CPU
		{C86A2210-C119-4CDF-97AA-49F71D74A089}.AppStore|Any CPU.ActiveCfg = Release|Any CPU
		{C86A2210-C119-4CDF-97AA-49F71D74A089}.AppStore|Any CPU.Build.0 = Release|Any CPU
		{C86A2210-C119-4CDF-97AA-49F71D74A089}.AppStore|ARM.ActiveCfg = Release|Any CPU
		{C86A2210-C119-4CDF-97AA-49F71D74A089}.AppStore|ARM.Build.0 = Release|Any CPU
		{C86A2210-C119-4CDF-97AA-49F71D74A089}.AppStore|iPhone.ActiveCfg = Release|Any CPU
		{C86A2210-C119-4CDF-97AA-49F71D74A089}.AppStore|iPhone.Build.0 = Release|Any CPU
		{C86A2210-C119-4CDF-97AA-49F71D74A089}.AppStore|iPhoneSimulator.ActiveCfg = Release|Any CPU
		{C86A2210-C119-4CDF-97AA-49F71D74A089}.AppStore|iPhoneSimulator.Build.0 = Release|Any CPU
		{C86A2210-C119-4CDF-97AA-49F71D74A089}.AppStore|x64.ActiveCfg = Release|Any CPU
		{C86A2210-C119-4CDF-97AA-49F71D74A089}.AppStore|x64.Build.0 = Release|Any CPU
		{C86A2210-C119-4CDF-97AA-49F71D74A089}.AppStore|x86.ActiveCfg = Release|Any CPU
		{C86A2210-C119-4CDF-97AA-49F71D74A089}.AppStore|x86.Build.0 = Release|Any CPU
		{C86A2210-C119-4CDF-97AA-49F71D74A089}.Debug|Any CPU.ActiveCfg = Debug|Any CPU
		{C86A2210-C119-4CDF-97AA-49F71D74A089}.Debug|Any CPU.Build.0 = Debug|Any CPU
		{C86A2210-C119-4CDF-97AA-49F71D74A089}.Debug|ARM.ActiveCfg = Debug|Any CPU
		{C86A2210-C119-4CDF-97AA-49F71D74A089}.Debug|ARM.Build.0 = Debug|Any CPU
		{C86A2210-C119-4CDF-97AA-49F71D74A089}.Debug|iPhone.ActiveCfg = Debug|Any CPU
		{C86A2210-C119-4CDF-97AA-49F71D74A089}.Debug|iPhone.Build.0 = Debug|Any CPU
		{C86A2210-C119-4CDF-97AA-49F71D74A089}.Debug|iPhoneSimulator.ActiveCfg = Debug|Any CPU
		{C86A2210-C119-4CDF-97AA-49F71D74A089}.Debug|iPhoneSimulator.Build.0 = Debug|Any CPU
		{C86A2210-C119-4CDF-97AA-49F71D74A089}.Debug|x64.ActiveCfg = Debug|Any CPU
		{C86A2210-C119-4CDF-97AA-49F71D74A089}.Debug|x64.Build.0 = Debug|Any CPU
		{C86A2210-C119-4CDF-97AA-49F71D74A089}.Debug|x86.ActiveCfg = Debug|Any CPU
		{C86A2210-C119-4CDF-97AA-49F71D74A089}.Debug|x86.Build.0 = Debug|Any CPU
		{C86A2210-C119-4CDF-97AA-49F71D74A089}.Release|Any CPU.ActiveCfg = Release|Any CPU
		{C86A2210-C119-4CDF-97AA-49F71D74A089}.Release|Any CPU.Build.0 = Release|Any CPU
		{C86A2210-C119-4CDF-97AA-49F71D74A089}.Release|ARM.ActiveCfg = Release|Any CPU
		{C86A2210-C119-4CDF-97AA-49F71D74A089}.Release|ARM.Build.0 = Release|Any CPU
		{C86A2210-C119-4CDF-97AA-49F71D74A089}.Release|iPhone.ActiveCfg = Release|Any CPU
		{C86A2210-C119-4CDF-97AA-49F71D74A089}.Release|iPhone.Build.0 = Release|Any CPU
		{C86A2210-C119-4CDF-97AA-49F71D74A089}.Release|iPhoneSimulator.ActiveCfg = Release|Any CPU
		{C86A2210-C119-4CDF-97AA-49F71D74A089}.Release|iPhoneSimulator.Build.0 = Release|Any CPU
		{C86A2210-C119-4CDF-97AA-49F71D74A089}.Release|x64.ActiveCfg = Release|Any CPU
		{C86A2210-C119-4CDF-97AA-49F71D74A089}.Release|x64.Build.0 = Release|Any CPU
		{C86A2210-C119-4CDF-97AA-49F71D74A089}.Release|x86.ActiveCfg = Release|Any CPU
		{C86A2210-C119-4CDF-97AA-49F71D74A089}.Release|x86.Build.0 = Release|Any CPU
		{D5C4F659-E271-4F5D-8BDF-6D21A3AEF360}.Ad-Hoc|Any CPU.ActiveCfg = Release|Any CPU
		{D5C4F659-E271-4F5D-8BDF-6D21A3AEF360}.Ad-Hoc|Any CPU.Build.0 = Release|Any CPU
		{D5C4F659-E271-4F5D-8BDF-6D21A3AEF360}.Ad-Hoc|ARM.ActiveCfg = Release|Any CPU
		{D5C4F659-E271-4F5D-8BDF-6D21A3AEF360}.Ad-Hoc|ARM.Build.0 = Release|Any CPU
		{D5C4F659-E271-4F5D-8BDF-6D21A3AEF360}.Ad-Hoc|iPhone.ActiveCfg = Release|Any CPU
		{D5C4F659-E271-4F5D-8BDF-6D21A3AEF360}.Ad-Hoc|iPhone.Build.0 = Release|Any CPU
		{D5C4F659-E271-4F5D-8BDF-6D21A3AEF360}.Ad-Hoc|iPhoneSimulator.ActiveCfg = Release|Any CPU
		{D5C4F659-E271-4F5D-8BDF-6D21A3AEF360}.Ad-Hoc|iPhoneSimulator.Build.0 = Release|Any CPU
		{D5C4F659-E271-4F5D-8BDF-6D21A3AEF360}.Ad-Hoc|x64.ActiveCfg = Release|Any CPU
		{D5C4F659-E271-4F5D-8BDF-6D21A3AEF360}.Ad-Hoc|x64.Build.0 = Release|Any CPU
		{D5C4F659-E271-4F5D-8BDF-6D21A3AEF360}.Ad-Hoc|x86.ActiveCfg = Release|Any CPU
		{D5C4F659-E271-4F5D-8BDF-6D21A3AEF360}.Ad-Hoc|x86.Build.0 = Release|Any CPU
		{D5C4F659-E271-4F5D-8BDF-6D21A3AEF360}.AppStore|Any CPU.ActiveCfg = Release|Any CPU
		{D5C4F659-E271-4F5D-8BDF-6D21A3AEF360}.AppStore|Any CPU.Build.0 = Release|Any CPU
		{D5C4F659-E271-4F5D-8BDF-6D21A3AEF360}.AppStore|ARM.ActiveCfg = Release|Any CPU
		{D5C4F659-E271-4F5D-8BDF-6D21A3AEF360}.AppStore|ARM.Build.0 = Release|Any CPU
		{D5C4F659-E271-4F5D-8BDF-6D21A3AEF360}.AppStore|iPhone.ActiveCfg = Release|Any CPU
		{D5C4F659-E271-4F5D-8BDF-6D21A3AEF360}.AppStore|iPhone.Build.0 = Release|Any CPU
		{D5C4F659-E271-4F5D-8BDF-6D21A3AEF360}.AppStore|iPhoneSimulator.ActiveCfg = Release|Any CPU
		{D5C4F659-E271-4F5D-8BDF-6D21A3AEF360}.AppStore|iPhoneSimulator.Build.0 = Release|Any CPU
		{D5C4F659-E271-4F5D-8BDF-6D21A3AEF360}.AppStore|x64.ActiveCfg = Release|Any CPU
		{D5C4F659-E271-4F5D-8BDF-6D21A3AEF360}.AppStore|x64.Build.0 = Release|Any CPU
		{D5C4F659-E271-4F5D-8BDF-6D21A3AEF360}.AppStore|x86.ActiveCfg = Release|Any CPU
		{D5C4F659-E271-4F5D-8BDF-6D21A3AEF360}.AppStore|x86.Build.0 = Release|Any CPU
		{D5C4F659-E271-4F5D-8BDF-6D21A3AEF360}.Debug|Any CPU.ActiveCfg = Debug|Any CPU
		{D5C4F659-E271-4F5D-8BDF-6D21A3AEF360}.Debug|Any CPU.Build.0 = Debug|Any CPU
		{D5C4F659-E271-4F5D-8BDF-6D21A3AEF360}.Debug|ARM.ActiveCfg = Debug|Any CPU
		{D5C4F659-E271-4F5D-8BDF-6D21A3AEF360}.Debug|ARM.Build.0 = Debug|Any CPU
		{D5C4F659-E271-4F5D-8BDF-6D21A3AEF360}.Debug|iPhone.ActiveCfg = Debug|Any CPU
		{D5C4F659-E271-4F5D-8BDF-6D21A3AEF360}.Debug|iPhone.Build.0 = Debug|Any CPU
		{D5C4F659-E271-4F5D-8BDF-6D21A3AEF360}.Debug|iPhoneSimulator.ActiveCfg = Debug|Any CPU
		{D5C4F659-E271-4F5D-8BDF-6D21A3AEF360}.Debug|iPhoneSimulator.Build.0 = Debug|Any CPU
		{D5C4F659-E271-4F5D-8BDF-6D21A3AEF360}.Debug|x64.ActiveCfg = Debug|Any CPU
		{D5C4F659-E271-4F5D-8BDF-6D21A3AEF360}.Debug|x64.Build.0 = Debug|Any CPU
		{D5C4F659-E271-4F5D-8BDF-6D21A3AEF360}.Debug|x86.ActiveCfg = Debug|Any CPU
		{D5C4F659-E271-4F5D-8BDF-6D21A3AEF360}.Debug|x86.Build.0 = Debug|Any CPU
		{D5C4F659-E271-4F5D-8BDF-6D21A3AEF360}.Release|Any CPU.ActiveCfg = Release|Any CPU
		{D5C4F659-E271-4F5D-8BDF-6D21A3AEF360}.Release|Any CPU.Build.0 = Release|Any CPU
		{D5C4F659-E271-4F5D-8BDF-6D21A3AEF360}.Release|ARM.ActiveCfg = Release|Any CPU
		{D5C4F659-E271-4F5D-8BDF-6D21A3AEF360}.Release|ARM.Build.0 = Release|Any CPU
		{D5C4F659-E271-4F5D-8BDF-6D21A3AEF360}.Release|iPhone.ActiveCfg = Release|Any CPU
		{D5C4F659-E271-4F5D-8BDF-6D21A3AEF360}.Release|iPhone.Build.0 = Release|Any CPU
		{D5C4F659-E271-4F5D-8BDF-6D21A3AEF360}.Release|iPhoneSimulator.ActiveCfg = Release|Any CPU
		{D5C4F659-E271-4F5D-8BDF-6D21A3AEF360}.Release|iPhoneSimulator.Build.0 = Release|Any CPU
		{D5C4F659-E271-4F5D-8BDF-6D21A3AEF360}.Release|x64.ActiveCfg = Release|Any CPU
		{D5C4F659-E271-4F5D-8BDF-6D21A3AEF360}.Release|x64.Build.0 = Release|Any CPU
		{D5C4F659-E271-4F5D-8BDF-6D21A3AEF360}.Release|x86.ActiveCfg = Release|Any CPU
		{D5C4F659-E271-4F5D-8BDF-6D21A3AEF360}.Release|x86.Build.0 = Release|Any CPU
	EndGlobalSection
	GlobalSection(SolutionProperties) = preSolution
		HideSolutionNode = FALSE
	EndGlobalSection
	GlobalSection(ExtensibilityGlobals) = postSolution
		SolutionGuid = {3313A74E-AF9E-4553-864A-DF1105B8D0BC}
	EndGlobalSection
EndGlobal
